
Microsoft Visual Studio Solution File, Format Version 12.00
# Visual Studio 15
VisualStudioVersion = 15.0.28307.645
MinimumVisualStudioVersion = 10.0.40219.1
Project("{9A19103F-16F7-4668-BE54-9A1E7A4F7556}") = "CheckCodeHelper", "CheckCodeHelper\CheckCodeHelper.csproj", "{F56708BC-6655-4598-8FC4-87AB88D0335B}"
EndProject
Project("{9A19103F-16F7-4668-BE54-9A1E7A4F7556}") = "CheckCodeHelper.RedisCache", "CheckCodeHelper.RedisCache\CheckCodeHelper.RedisCache.csproj", "{766850FF-63A7-404A-8C43-3D8AC97C2498}"
EndProject
Project("{FAE04EC0-301F-11D3-BF4B-00C04F79EFBC}") = "CheckCodeHelper.Samples", "CheckCodeHelper.Samples\CheckCodeHelper.Samples.csproj", "{9410A548-3E81-43CA-8D01-92EC00353038}"
EndProject
Global
	GlobalSection(SolutionConfigurationPlatforms) = preSolution
		Debug|Any CPU = Debug|Any CPU
		Release|Any CPU = Release|Any CPU
	EndGlobalSection
	GlobalSection(ProjectConfigurationPlatforms) = postSolution
		{F56708BC-6655-4598-8FC4-87AB88D0335B}.Debug|Any CPU.ActiveCfg = Debug|Any CPU
		{F56708BC-6655-4598-8FC4-87AB88D0335B}.Debug|Any CPU.Build.0 = Debug|Any CPU
		{F56708BC-6655-4598-8FC4-87AB88D0335B}.Release|Any CPU.ActiveCfg = Release|Any CPU
		{F56708BC-6655-4598-8FC4-87AB88D0335B}.Release|Any CPU.Build.0 = Release|Any CPU
		{766850FF-63A7-404A-8C43-3D8AC97C2498}.Debug|Any CPU.ActiveCfg = Debug|Any CPU
		{766850FF-63A7-404A-8C43-3D8AC97C2498}.Debug|Any CPU.Build.0 = Debug|Any CPU
		{766850FF-63A7-404A-8C43-3D8AC97C2498}.Release|Any CPU.ActiveCfg = Release|Any CPU
		{766850FF-63A7-404A-8C43-3D8AC97C2498}.Release|Any CPU.Build.0 = Release|Any CPU
		{9410A548-3E81-43CA-8D01-92EC00353038}.Debug|Any CPU.ActiveCfg = Debug|Any CPU
		{9410A548-3E81-43CA-8D01-92EC00353038}.Debug|Any CPU.Build.0 = Debug|Any CPU
		{9410A548-3E81-43CA-8D01-92EC00353038}.Release|Any CPU.ActiveCfg = Release|Any CPU
		{9410A548-3E81-43CA-8D01-92EC00353038}.Release|Any CPU.Build.0 = Release|Any CPU
	EndGlobalSection
	GlobalSection(SolutionProperties) = preSolution
		HideSolutionNode = FALSE
	EndGlobalSection
	GlobalSection(ExtensibilityGlobals) = postSolution
		SolutionGuid = {872232F8-C51F-4A37-B03D-E3108B2A519F}
	EndGlobalSection
EndGlobal
